<Solution>
  <Folder Name="/src/">
    <Project Path="src/MimeDb.Net/MimeDb.Net.csproj" Id="c75c1db7-a096-47af-a2fa-7cdbb341921e" />
  </Folder>
  <Folder Name="/test/">
    <Project Path="test/MimeDb.Net.Tests/MimeDb.Net.Tests.csproj" Id="372c89ec-6758-434e-a835-fa718031dd08" />
  </Folder>
</Solution>
